
Microsoft Visual Studio Solution File, Format Version 12.00
# Visual Studio Version 16
VisualStudioVersion = 16.0.30114.105
MinimumVisualStudioVersion = 10.0.40219.1
Project("{2150E333-8FDC-42A3-9474-1A3956D46DE8}") = "domain", "domain", "{C2E0635C-3FF2-4A30-A3F1-FD4917E7BB27}"
EndProject
Project("{9A19103F-16F7-4668-BE54-9A1E7A4F7556}") = "MenuPosition", "domain\MenuPosition\MenuPosition.csproj", "{6595E619-55C6-482E-8F0A-C7051651B5AD}"
EndProject
Project("{2150E333-8FDC-42A3-9474-1A3956D46DE8}") = "infrastructure", "infrastructure", "{A5C38247-4669-413B-954B-954D5948E652}"
EndProject
Project("{9A19103F-16F7-4668-BE54-9A1E7A4F7556}") = "MenuPosition.Memory", "infrastructure\MenuPosition.Memory\MenuPosition.Memory.csproj", "{FF4EDEA5-189E-445C-948D-20656E8299CA}"
EndProject
Project("{2150E333-8FDC-42A3-9474-1A3956D46DE8}") = "presentation", "presentation", "{3D6B2F07-5CFD-4E00-A25B-9A98D237C29A}"
EndProject
Project("{FAE04EC0-301F-11D3-BF4B-00C04F79EFBC}") = "MenuPosition.Web", "presentation\MenuPosition.Web\MenuPosition.Web.csproj", "{BFC2A2C1-3CA2-44CB-B2BF-D49059E04FB3}"
EndProject
Global
	GlobalSection(SolutionConfigurationPlatforms) = preSolution
		Debug|Any CPU = Debug|Any CPU
		Debug|x64 = Debug|x64
		Debug|x86 = Debug|x86
		Release|Any CPU = Release|Any CPU
		Release|x64 = Release|x64
		Release|x86 = Release|x86
	EndGlobalSection
	GlobalSection(ProjectConfigurationPlatforms) = postSolution
		{6595E619-55C6-482E-8F0A-C7051651B5AD}.Debug|Any CPU.ActiveCfg = Debug|Any CPU
		{6595E619-55C6-482E-8F0A-C7051651B5AD}.Debug|Any CPU.Build.0 = Debug|Any CPU
		{6595E619-55C6-482E-8F0A-C7051651B5AD}.Debug|x64.ActiveCfg = Debug|Any CPU
		{6595E619-55C6-482E-8F0A-C7051651B5AD}.Debug|x64.Build.0 = Debug|Any CPU
		{6595E619-55C6-482E-8F0A-C7051651B5AD}.Debug|x86.ActiveCfg = Debug|Any CPU
		{6595E619-55C6-482E-8F0A-C7051651B5AD}.Debug|x86.Build.0 = Debug|Any CPU
		{6595E619-55C6-482E-8F0A-C7051651B5AD}.Release|Any CPU.ActiveCfg = Release|Any CPU
		{6595E619-55C6-482E-8F0A-C7051651B5AD}.Release|Any CPU.Build.0 = Release|Any CPU
		{6595E619-55C6-482E-8F0A-C7051651B5AD}.Release|x64.ActiveCfg = Release|Any CPU
		{6595E619-55C6-482E-8F0A-C7051651B5AD}.Release|x64.Build.0 = Release|Any CPU
		{6595E619-55C6-482E-8F0A-C7051651B5AD}.Release|x86.ActiveCfg = Release|Any CPU
		{6595E619-55C6-482E-8F0A-C7051651B5AD}.Release|x86.Build.0 = Release|Any CPU
		{FF4EDEA5-189E-445C-948D-20656E8299CA}.Debug|Any CPU.ActiveCfg = Debug|Any CPU
		{FF4EDEA5-189E-445C-948D-20656E8299CA}.Debug|Any CPU.Build.0 = Debug|Any CPU
		{FF4EDEA5-189E-445C-948D-20656E8299CA}.Debug|x64.ActiveCfg = Debug|Any CPU
		{FF4EDEA5-189E-445C-948D-20656E8299CA}.Debug|x64.Build.0 = Debug|Any CPU
		{FF4EDEA5-189E-445C-948D-20656E8299CA}.Debug|x86.ActiveCfg = Debug|Any CPU
		{FF4EDEA5-189E-445C-948D-20656E8299CA}.Debug|x86.Build.0 = Debug|Any CPU
		{FF4EDEA5-189E-445C-948D-20656E8299CA}.Release|Any CPU.ActiveCfg = Release|Any CPU
		{FF4EDEA5-189E-445C-948D-20656E8299CA}.Release|Any CPU.Build.0 = Release|Any CPU
		{FF4EDEA5-189E-445C-948D-20656E8299CA}.Release|x64.ActiveCfg = Release|Any CPU
		{FF4EDEA5-189E-445C-948D-20656E8299CA}.Release|x64.Build.0 = Release|Any CPU
		{FF4EDEA5-189E-445C-948D-20656E8299CA}.Release|x86.ActiveCfg = Release|Any CPU
		{FF4EDEA5-189E-445C-948D-20656E8299CA}.Release|x86.Build.0 = Release|Any CPU
		{BFC2A2C1-3CA2-44CB-B2BF-D49059E04FB3}.Debug|Any CPU.ActiveCfg = Debug|Any CPU
		{BFC2A2C1-3CA2-44CB-B2BF-D49059E04FB3}.Debug|Any CPU.Build.0 = Debug|Any CPU
		{BFC2A2C1-3CA2-44CB-B2BF-D49059E04FB3}.Debug|x64.ActiveCfg = Debug|Any CPU
		{BFC2A2C1-3CA2-44CB-B2BF-D49059E04FB3}.Debug|x64.Build.0 = Debug|Any CPU
		{BFC2A2C1-3CA2-44CB-B2BF-D49059E04FB3}.Debug|x86.ActiveCfg = Debug|Any CPU
		{BFC2A2C1-3CA2-44CB-B2BF-D49059E04FB3}.Debug|x86.Build.0 = Debug|Any CPU
		{BFC2A2C1-3CA2-44CB-B2BF-D49059E04FB3}.Release|Any CPU.ActiveCfg = Release|Any CPU
		{BFC2A2C1-3CA2-44CB-B2BF-D49059E04FB3}.Release|Any CPU.Build.0 = Release|Any CPU
		{BFC2A2C1-3CA2-44CB-B2BF-D49059E04FB3}.Release|x64.ActiveCfg = Release|Any CPU
		{BFC2A2C1-3CA2-44CB-B2BF-D49059E04FB3}.Release|x64.Build.0 = Release|Any CPU
		{BFC2A2C1-3CA2-44CB-B2BF-D49059E04FB3}.Release|x86.ActiveCfg = Release|Any CPU
		{BFC2A2C1-3CA2-44CB-B2BF-D49059E04FB3}.Release|x86.Build.0 = Release|Any CPU
	EndGlobalSection
	GlobalSection(SolutionProperties) = preSolution
		HideSolutionNode = FALSE
	EndGlobalSection
	GlobalSection(NestedProjects) = preSolution
		{6595E619-55C6-482E-8F0A-C7051651B5AD} = {C2E0635C-3FF2-4A30-A3F1-FD4917E7BB27}
		{FF4EDEA5-189E-445C-948D-20656E8299CA} = {A5C38247-4669-413B-954B-954D5948E652}
		{BFC2A2C1-3CA2-44CB-B2BF-D49059E04FB3} = {3D6B2F07-5CFD-4E00-A25B-9A98D237C29A}
	EndGlobalSection
	GlobalSection(ExtensibilityGlobals) = postSolution
		SolutionGuid = {64B80EA8-F1A6-4DAB-9EEA-8E5577310BBA}
	EndGlobalSection
EndGlobal
